// !$*UTF8*$!
{
	archiveVersion = 1;
	classes = {
	};
	objectVersion = 50;
	objects = {

/* Begin PBXBuildFile section */
		D02541CC2235660C0076084C /* AppDelegate.swift in Sources */ = {isa = PBXBuildFile; fileRef = D02541CB2235660C0076084C /* AppDelegate.swift */; };
		D02541CE2235660C0076084C /* ViewController.swift in Sources */ = {isa = PBXBuildFile; fileRef = D02541CD2235660C0076084C /* ViewController.swift */; };
		D02541D02235660D0076084C /* Assets.xcassets in Resources */ = {isa = PBXBuildFile; fileRef = D02541CF2235660D0076084C /* Assets.xcassets */; };
		D02541D32235660D0076084C /* Main.storyboard in Resources */ = {isa = PBXBuildFile; fileRef = D02541D12235660D0076084C /* Main.storyboard */; };
		D02541DC223566640076084C /* Renderer.swift in Sources */ = {isa = PBXBuildFile; fileRef = D02541DB223566640076084C /* Renderer.swift */; };
		D02541DE223566880076084C /* Shader.metal in Sources */ = {isa = PBXBuildFile; fileRef = D02541DD223566880076084C /* Shader.metal */; };
		D02541E422356E360076084C /* Scene.swift in Sources */ = {isa = PBXBuildFile; fileRef = D02541E322356E360076084C /* Scene.swift */; };
		D02541E622356E990076084C /* GameScene.swift in Sources */ = {isa = PBXBuildFile; fileRef = D02541E522356E990076084C /* GameScene.swift */; };
		D02541EB2235706E0076084C /* Plane.swift in Sources */ = {isa = PBXBuildFile; fileRef = D02541E92235706D0076084C /* Plane.swift */; };
		D02541EC2235706E0076084C /* Node.swift in Sources */ = {isa = PBXBuildFile; fileRef = D02541EA2235706E0076084C /* Node.swift */; };
/* End PBXBuildFile section */

/* Begin PBXFileReference section */
		D02541C82235660C0076084C /* IndicesAndConstants.app */ = {isa = PBXFileReference; explicitFileType = wrapper.application; includeInIndex = 0; path = IndicesAndConstants.app; sourceTree = BUILT_PRODUCTS_DIR; };
		D02541CB2235660C0076084C /* AppDelegate.swift */ = {isa = PBXFileReference; lastKnownFileType = sourcecode.swift; path = AppDelegate.swift; sourceTree = "<group>"; };
		D02541CD2235660C0076084C /* ViewController.swift */ = {isa = PBXFileReference; lastKnownFileType = sourcecode.swift; path = ViewController.swift; sourceTree = "<group>"; };
		D02541CF2235660D0076084C /* Assets.xcassets */ = {isa = PBXFileReference; lastKnownFileType = folder.assetcatalog; path = Assets.xcassets; sourceTree = "<group>"; };
		D02541D22235660D0076084C /* Base */ = {isa = PBXFileReference; lastKnownFileType = file.storyboard; name = Base; path = Base.lproj/Main.storyboard; sourceTree = "<group>"; };
		D02541D42235660D0076084C /* Info.plist */ = {isa = PBXFileReference; lastKnownFileType = text.plist.xml; path = Info.plist; sourceTree = "<group>"; };
		D02541D52235660D0076084C /* IndicesAndConstants.entitlements */ = {isa = PBXFileReference; lastKnownFileType = text.plist.entitlements; path = IndicesAndConstants.entitlements; sourceTree = "<group>"; };
		D02541DB223566640076084C /* Renderer.swift */ = {isa = PBXFileReference; lastKnownFileType = sourcecode.swift; path = Renderer.swift; sourceTree = "<group>"; };
		D02541DD223566880076084C /* Shader.metal */ = {isa = PBXFileReference; lastKnownFileType = sourcecode.metal; path = Shader.metal; sourceTree = "<group>"; };
		D02541E322356E360076084C /* Scene.swift */ = {isa = PBXFileReference; lastKnownFileType = sourcecode.swift; path = Scene.swift; sourceTree = "<group>"; };
		D02541E522356E990076084C /* GameScene.swift */ = {isa = PBXFileReference; lastKnownFileType = sourcecode.swift; path = GameScene.swift; sourceTree = "<group>"; };
		D02541E92235706D0076084C /* Plane.swift */ = {isa = PBXFileReference; fileEncoding = 4; lastKnownFileType = sourcecode.swift; path = Plane.swift; sourceTree = "<group>"; };
		D02541EA2235706E0076084C /* Node.swift */ = {isa = PBXFileReference; fileEncoding = 4; lastKnownFileType = sourcecode.swift; path = Node.swift; sourceTree = "<group>"; };
/* End PBXFileReference section */

/* Begin PBXFrameworksBuildPhase section */
		D02541C52235660C0076084C /* Frameworks */ = {
			isa = PBXFrameworksBuildPhase;
			buildActionMask = 2147483647;
			files = (
			);
			runOnlyForDeploymentPostprocessing = 0;
		};
/* End PBXFrameworksBuildPhase section */

/* Begin PBXGroup section */
		D02541BF2235660C0076084C = {
			isa = PBXGroup;
			children = (
				D02541CA2235660C0076084C /* IndicesAndConstants */,
				D02541C92235660C0076084C /* Products */,
			);
			sourceTree = "<group>";
		};
		D02541C92235660C0076084C /* Products */ = {
			isa = PBXGroup;
			children = (
				D02541C82235660C0076084C /* IndicesAndConstants.app */,
			);
			name = Products;
			sourceTree = "<group>";
		};
		D02541CA2235660C0076084C /* IndicesAndConstants */ = {
			isa = PBXGroup;
			children = (
				D02541E822356F1C0076084C /* Nodes */,
				D02541E722356F090076084C /* Scenes */,
				D02541CB2235660C0076084C /* AppDelegate.swift */,
				D02541CD2235660C0076084C /* ViewController.swift */,
				D02541CF2235660D0076084C /* Assets.xcassets */,
				D02541D12235660D0076084C /* Main.storyboard */,
				D02541D42235660D0076084C /* Info.plist */,
				D02541D52235660D0076084C /* IndicesAndConstants.entitlements */,
				D02541DB223566640076084C /* Renderer.swift */,
				D02541DD223566880076084C /* Shader.metal */,
			);
			path = IndicesAndConstants;
			sourceTree = "<group>";
		};
		D02541E722356F090076084C /* Scenes */ = {
			isa = PBXGroup;
			children = (
				D02541E322356E360076084C /* Scene.swift */,
				D02541E522356E990076084C /* GameScene.swift */,
			);
			path = Scenes;
			sourceTree = "<group>";
		};
		D02541E822356F1C0076084C /* Nodes */ = {
			isa = PBXGroup;
			children = (
				D02541EA2235706E0076084C /* Node.swift */,
				D02541E92235706D0076084C /* Plane.swift */,
			);
			path = Nodes;
			sourceTree = "<group>";
		};
/* End PBXGroup section */

/* Begin PBXNativeTarget section */
		D02541C72235660C0076084C /* IndicesAndConstants */ = {
			isa = PBXNativeTarget;
			buildConfigurationList = D02541D82235660D0076084C /* Build configuration list for PBXNativeTarget "IndicesAndConstants" */;
			buildPhases = (
				D02541C42235660C0076084C /* Sources */,
				D02541C52235660C0076084C /* Frameworks */,
				D02541C62235660C0076084C /* Resources */,
			);
			buildRules = (
			);
			dependencies = (
			);
			name = IndicesAndConstants;
			productName = IndicesAndConstants;
			productReference = D02541C82235660C0076084C /* IndicesAndConstants.app */;
			productType = "com.apple.product-type.application";
		};
/* End PBXNativeTarget section */

/* Begin PBXProject section */
		D02541C02235660C0076084C /* Project object */ = {
			isa = PBXProject;
			attributes = {
				LastSwiftUpdateCheck = 1010;
				LastUpgradeCheck = 1010;
				ORGANIZATIONNAME = "Peter Bødskov";
				TargetAttributes = {
					D02541C72235660C0076084C = {
						CreatedOnToolsVersion = 10.1;
					};
				};
			};
			buildConfigurationList = D02541C32235660C0076084C /* Build configuration list for PBXProject "IndicesAndConstants" */;
			compatibilityVersion = "Xcode 9.3";
			developmentRegion = en;
			hasScannedForEncodings = 0;
			knownRegions = (
				en,
				Base,
			);
			mainGroup = D02541BF2235660C0076084C;
			productRefGroup = D02541C92235660C0076084C /* Products */;
			projectDirPath = "";
			projectRoot = "";
			targets = (
				D02541C72235660C0076084C /* IndicesAndConstants */,
			);
		};
/* End PBXProject section */

/* Begin PBXResourcesBuildPhase section */
		D02541C62235660C0076084C /* Resources */ = {
			isa = PBXResourcesBuildPhase;
			buildActionMask = 2147483647;
			files = (
				D02541D02235660D0076084C /* Assets.xcassets in Resources */,
				D02541D32235660D0076084C /* Main.storyboard in Resources */,
			);
			runOnlyForDeploymentPostprocessing = 0;
		};
/* End PBXResourcesBuildPhase section */

/* Begin PBXSourcesBuildPhase section */
		D02541C42235660C0076084C /* Sources */ = {
			isa = PBXSourcesBuildPhase;
			buildActionMask = 2147483647;
			files = (
				D02541DE223566880076084C /* Shader.metal in Sources */,
				D02541E622356E990076084C /* GameScene.swift in Sources */,
				D02541CE2235660C0076084C /* ViewController.swift in Sources */,
				D02541EC2235706E0076084C /* Node.swift in Sources */,
				D02541DC223566640076084C /* Renderer.swift in Sources */,
				D02541E422356E360076084C /* Scene.swift in Sources */,
				D02541CC2235660C0076084C /* AppDelegate.swift in Sources */,
				D02541EB2235706E0076084C /* Plane.swift in Sources */,
			);
			runOnlyForDeploymentPostprocessing = 0;
		};
/* End PBXSourcesBuildPhase section */

/* Begin PBXVariantGroup section */
		D02541D12235660D0076084C /* Main.storyboard */ = {
			isa = PBXVariantGroup;
			children = (
				D02541D22235660D0076084C /* Base */,
			);
			name = Main.storyboard;
			sourceTree = "<group>";
		};
/* End PBXVariantGroup section */

/* Begin XCBuildConfiguration section */
		D02541D62235660D0076084C /* Debug */ = {
			isa = XCBuildConfiguration;
			buildSettings = {
				ALWAYS_SEARCH_USER_PATHS = NO;
				CLANG_ANALYZER_NONNULL = YES;
				CLANG_ANALYZER_NUMBER_OBJECT_CONVERSION = YES_AGGRESSIVE;
				CLANG_CXX_LANGUAGE_STANDARD = "gnu++14";
				CLANG_CXX_LIBRARY = "libc++";
				CLANG_ENABLE_MODULES = YES;
				CLANG_ENABLE_OBJC_ARC = YES;
				CLANG_ENABLE_OBJC_WEAK = YES;
				CLANG_WARN_BLOCK_CAPTURE_AUTORELEASING = YES;
				CLANG_WARN_BOOL_CONVERSION = YES;
				CLANG_WARN_COMMA = YES;
				CLANG_WARN_CONSTANT_CONVERSION = YES;
				CLANG_WARN_DEPRECATED_OBJC_IMPLEMENTATIONS = YES;
				CLANG_WARN_DIRECT_OBJC_ISA_USAGE = YES_ERROR;
				CLANG_WARN_DOCUMENTATION_COMMENTS = YES;
				CLANG_WARN_EMPTY_BODY = YES;
				CLANG_WARN_ENUM_CONVERSION = YES;
				CLANG_WARN_INFINITE_RECURSION = YES;
				CLANG_WARN_INT_CONVERSION = YES;
				CLANG_WARN_NON_LITERAL_NULL_CONVERSION = YES;
				CLANG_WARN_OBJC_IMPLICIT_RETAIN_SELF = YES;
				CLANG_WARN_OBJC_LITERAL_CONVERSION = YES;
				CLANG_WARN_OBJC_ROOT_CLASS = YES_ERROR;
				CLANG_WARN_RANGE_LOOP_ANALYSIS = YES;
				CLANG_WARN_STRICT_PROTOTYPES = YES;
				CLANG_WARN_SUSPICIOUS_MOVE = YES;
				CLANG_WARN_UNGUARDED_AVAILABILITY = YES_AGGRESSIVE;
				CLANG_WARN_UNREACHABLE_CODE = YES;
				CLANG_WARN__DUPLICATE_METHOD_MATCH = YES;
				CODE_SIGN_IDENTITY = "-";
				COPY_PHASE_STRIP = NO;
				DEBUG_INFORMATION_FORMAT = dwarf;
				ENABLE_STRICT_OBJC_MSGSEND = YES;
				ENABLE_TESTABILITY = YES;
				GCC_C_LANGUAGE_STANDARD = gnu11;
				GCC_DYNAMIC_NO_PIC = NO;
				GCC_NO_COMMON_BLOCKS = YES;
				GCC_OPTIMIZATION_LEVEL = 0;
				GCC_PREPROCESSOR_DEFINITIONS = (
					"DEBUG=1",
					"$(inherited)",
				);
				GCC_WARN_64_TO_32_BIT_CONVERSION = YES;
				GCC_WARN_ABOUT_RETURN_TYPE = YES_ERROR;
				GCC_WARN_UNDECLARED_SELECTOR = YES;
				GCC_WARN_UNINITIALIZED_AUTOS = YES_AGGRESSIVE;
				GCC_WARN_UNUSED_FUNCTION = YES;
				GCC_WARN_UNUSED_VARIABLE = YES;
				MACOSX_DEPLOYMENT_TARGET = 10.14;
				MTL_ENABLE_DEBUG_INFO = INCLUDE_SOURCE;
				MTL_FAST_MATH = YES;
				ONLY_ACTIVE_ARCH = YES;
				SDKROOT = macosx;
				SWIFT_ACTIVE_COMPILATION_CONDITIONS = DEBUG;
				SWIFT_OPTIMIZATION_LEVEL = "-Onone";
			};
			name = Debug;
		};
		D02541D72235660D0076084C /* Release */ = {
			isa = XCBuildConfiguration;
			buildSettings = {
				ALWAYS_SEARCH_USER_PATHS = NO;
				CLANG_ANALYZER_NONNULL = YES;
				CLANG_ANALYZER_NUMBER_OBJECT_CONVERSION = YES_AGGRESSIVE;
				CLANG_CXX_LANGUAGE_STANDARD = "gnu++14";
				CLANG_CXX_LIBRARY = "libc++";
				CLANG_ENABLE_MODULES = YES;
				CLANG_ENABLE_OBJC_ARC = YES;
				CLANG_ENABLE_OBJC_WEAK = YES;
				CLANG_WARN_BLOCK_CAPTURE_AUTORELEASING = YES;
				CLANG_WARN_BOOL_CONVERSION = YES;
				CLANG_WARN_COMMA = YES;
				CLANG_WARN_CONSTANT_CONVERSION = YES;
				CLANG_WARN_DEPRECATED_OBJC_IMPLEMENTATIONS = YES;
				CLANG_WARN_DIRECT_OBJC_ISA_USAGE = YES_ERROR;
				CLANG_WARN_DOCUMENTATION_COMMENTS = YES;
				CLANG_WARN_EMPTY_BODY = YES;
				CLANG_WARN_ENUM_CONVERSION = YES;
				CLANG_WARN_INFINITE_RECURSION = YES;
				CLANG_WARN_INT_CONVERSION = YES;
				CLANG_WARN_NON_LITERAL_NULL_CONVERSION = YES;
				CLANG_WARN_OBJC_IMPLICIT_RETAIN_SELF = YES;
				CLANG_WARN_OBJC_LITERAL_CONVERSION = YES;
				CLANG_WARN_OBJC_ROOT_CLASS = YES_ERROR;
				CLANG_WARN_RANGE_LOOP_ANALYSIS = YES;
				CLANG_WARN_STRICT_PROTOTYPES = YES;
				CLANG_WARN_SUSPICIOUS_MOVE = YES;
				CLANG_WARN_UNGUARDED_AVAILABILITY = YES_AGGRESSIVE;
				CLANG_WARN_UNREACHABLE_CODE = YES;
				CLANG_WARN__DUPLICATE_METHOD_MATCH = YES;
				CODE_SIGN_IDENTITY = "-";
				COPY_PHASE_STRIP = NO;
				DEBUG_INFORMATION_FORMAT = "dwarf-with-dsym";
				ENABLE_NS_ASSERTIONS = NO;
				ENABLE_STRICT_OBJC_MSGSEND = YES;
				GCC_C_LANGUAGE_STANDARD = gnu11;
				GCC_NO_COMMON_BLOCKS = YES;
				GCC_WARN_64_TO_32_BIT_CONVERSION = YES;
				GCC_WARN_ABOUT_RETURN_TYPE = YES_ERROR;
				GCC_WARN_UNDECLARED_SELECTOR = YES;
				GCC_WARN_UNINITIALIZED_AUTOS = YES_AGGRESSIVE;
				GCC_WARN_UNUSED_FUNCTION = YES;
				GCC_WARN_UNUSED_VARIABLE = YES;
				MACOSX_DEPLOYMENT_TARGET = 10.14;
				MTL_ENABLE_DEBUG_INFO = NO;
				MTL_FAST_MATH = YES;
				SDKROOT = macosx;
				SWIFT_COMPILATION_MODE = wholemodule;
				SWIFT_OPTIMIZATION_LEVEL = "-O";
			};
			name = Release;
		};
		D02541D92235660D0076084C /* Debug */ = {
			isa = XCBuildConfiguration;
			buildSettings = {
				ASSETCATALOG_COMPILER_APPICON_NAME = AppIcon;
				CODE_SIGN_ENTITLEMENTS = IndicesAndConstants/IndicesAndConstants.entitlements;
				CODE_SIGN_STYLE = Automatic;
				COMBINE_HIDPI_IMAGES = YES;
				INFOPLIST_FILE = IndicesAndConstants/Info.plist;
				LD_RUNPATH_SEARCH_PATHS = (
					"$(inherited)",
					"@executable_path/../Frameworks",
				);
				PRODUCT_BUNDLE_IDENTIFIER = dk.peterbodskov.IndicesAndConstants;
				PRODUCT_NAME = "$(TARGET_NAME)";
				SWIFT_VERSION = 4.2;
			};
			name = Debug;
		};
		D02541DA2235660D0076084C /* Release */ = {
			isa = XCBuildConfiguration;
			buildSettings = {
				ASSETCATALOG_COMPILER_APPICON_NAME = AppIcon;
				CODE_SIGN_ENTITLEMENTS = IndicesAndConstants/IndicesAndConstants.entitlements;
				CODE_SIGN_STYLE = Automatic;
				COMBINE_HIDPI_IMAGES = YES;
				INFOPLIST_FILE = IndicesAndConstants/Info.plist;
				LD_RUNPATH_SEARCH_PATHS = (
					"$(inherited)",
					"@executable_path/../Frameworks",
				);
				PRODUCT_BUNDLE_IDENTIFIER = dk.peterbodskov.IndicesAndConstants;
				PRODUCT_NAME = "$(TARGET_NAME)";
				SWIFT_VERSION = 4.2;
			};
			name = Release;
		};
/* End XCBuildConfiguration section */

/* Begin XCConfigurationList section */
		D02541C32235660C0076084C /* Build configuration list for PBXProject "IndicesAndConstants" */ = {
			isa = XCConfigurationList;
			buildConfigurations = (
				D02541D62235660D0076084C /* Debug */,
				D02541D72235660D0076084C /* Release */,
			);
			defaultConfigurationIsVisible = 0;
			defaultConfigurationName = Release;
		};
		D02541D82235660D0076084C /* Build configuration list for PBXNativeTarget "IndicesAndConstants" */ = {
			isa = XCConfigurationList;
			buildConfigurations = (
				D02541D92235660D0076084C /* Debug */,
				D02541DA2235660D0076084C /* Release */,
			);
			defaultConfigurationIsVisible = 0;
			defaultConfigurationName = Release;
		};
/* End XCConfigurationList section */
	};
	rootObject = D02541C02235660C0076084C /* Project object */;
}
